// !$*UTF8*$!
{
	archiveVersion = 1;
	classes = {
	};
	objectVersion = 50;
	objects = {

/* Begin PBXBuildFile section */
		BEF8304724C0057100F50974 /* AppDelegate.swift in Sources */ = {isa = PBXBuildFile; fileRef = BEF8304624C0057100F50974 /* AppDelegate.swift */; };
		BEF8304924C0057100F50974 /* SceneDelegate.swift in Sources */ = {isa = PBXBuildFile; fileRef = BEF8304824C0057100F50974 /* SceneDelegate.swift */; };
		BEF8304E24C0057100F50974 /* Main.storyboard in Resources */ = {isa = PBXBuildFile; fileRef = BEF8304C24C0057100F50974 /* Main.storyboard */; };
		BEF8305024C0057400F50974 /* Assets.xcassets in Resources */ = {isa = PBXBuildFile; fileRef = BEF8304F24C0057400F50974 /* Assets.xcassets */; };
		BEF8305324C0057400F50974 /* LaunchScreen.storyboard in Resources */ = {isa = PBXBuildFile; fileRef = BEF8305124C0057400F50974 /* LaunchScreen.storyboard */; };
		BEF8305B24C005D600F50974 /* RackViewController.swift in Sources */ = {isa = PBXBuildFile; fileRef = BEF8305A24C005D600F50974 /* RackViewController.swift */; };
		BEF8305D24C006E700F50974 /* TileCollectionViewCell.swift in Sources */ = {isa = PBXBuildFile; fileRef = BEF8305C24C006E700F50974 /* TileCollectionViewCell.swift */; };
		BEF8305F24C00E9900F50974 /* Tile.swift in Sources */ = {isa = PBXBuildFile; fileRef = BEF8305E24C00E9900F50974 /* Tile.swift */; };
		BEF8306124C00F7100F50974 /* Scrabble.swift in Sources */ = {isa = PBXBuildFile; fileRef = BEF8306024C00F7100F50974 /* Scrabble.swift */; };
		BEF8306324C0C9D100F50974 /* CheatListTableViewController.swift in Sources */ = {isa = PBXBuildFile; fileRef = BEF8306224C0C9D100F50974 /* CheatListTableViewController.swift */; };
		BEF8306824C0CFF600F50974 /* Trie.swift in Sources */ = {isa = PBXBuildFile; fileRef = BEF8306724C0CFF600F50974 /* Trie.swift */; };
		BEF8306C24C13D9800F50974 /* dictionary.txt in Resources */ = {isa = PBXBuildFile; fileRef = BEF8306B24C13D9700F50974 /* dictionary.txt */; };
/* End PBXBuildFile section */

/* Begin PBXFileReference section */
		BEF8304324C0057100F50974 /* ScrabbleCheater.app */ = {isa = PBXFileReference; explicitFileType = wrapper.application; includeInIndex = 0; path = ScrabbleCheater.app; sourceTree = BUILT_PRODUCTS_DIR; };
		BEF8304624C0057100F50974 /* AppDelegate.swift */ = {isa = PBXFileReference; lastKnownFileType = sourcecode.swift; path = AppDelegate.swift; sourceTree = "<group>"; };
		BEF8304824C0057100F50974 /* SceneDelegate.swift */ = {isa = PBXFileReference; lastKnownFileType = sourcecode.swift; path = SceneDelegate.swift; sourceTree = "<group>"; };
		BEF8304D24C0057100F50974 /* Base */ = {isa = PBXFileReference; lastKnownFileType = file.storyboard; name = Base; path = Base.lproj/Main.storyboard; sourceTree = "<group>"; };
		BEF8304F24C0057400F50974 /* Assets.xcassets */ = {isa = PBXFileReference; lastKnownFileType = folder.assetcatalog; path = Assets.xcassets; sourceTree = "<group>"; };
		BEF8305224C0057400F50974 /* Base */ = {isa = PBXFileReference; lastKnownFileType = file.storyboard; name = Base; path = Base.lproj/LaunchScreen.storyboard; sourceTree = "<group>"; };
		BEF8305424C0057400F50974 /* Info.plist */ = {isa = PBXFileReference; lastKnownFileType = text.plist.xml; path = Info.plist; sourceTree = "<group>"; };
		BEF8305A24C005D600F50974 /* RackViewController.swift */ = {isa = PBXFileReference; lastKnownFileType = sourcecode.swift; path = RackViewController.swift; sourceTree = "<group>"; };
		BEF8305C24C006E700F50974 /* TileCollectionViewCell.swift */ = {isa = PBXFileReference; lastKnownFileType = sourcecode.swift; path = TileCollectionViewCell.swift; sourceTree = "<group>"; };
		BEF8305E24C00E9900F50974 /* Tile.swift */ = {isa = PBXFileReference; lastKnownFileType = sourcecode.swift; path = Tile.swift; sourceTree = "<group>"; };
		BEF8306024C00F7100F50974 /* Scrabble.swift */ = {isa = PBXFileReference; lastKnownFileType = sourcecode.swift; path = Scrabble.swift; sourceTree = "<group>"; };
		BEF8306224C0C9D100F50974 /* CheatListTableViewController.swift */ = {isa = PBXFileReference; lastKnownFileType = sourcecode.swift; path = CheatListTableViewController.swift; sourceTree = "<group>"; };
		BEF8306724C0CFF600F50974 /* Trie.swift */ = {isa = PBXFileReference; lastKnownFileType = sourcecode.swift; path = Trie.swift; sourceTree = "<group>"; };
		BEF8306B24C13D9700F50974 /* dictionary.txt */ = {isa = PBXFileReference; lastKnownFileType = text; path = dictionary.txt; sourceTree = "<group>"; };
/* End PBXFileReference section */

/* Begin PBXFrameworksBuildPhase section */
		BEF8304024C0057100F50974 /* Frameworks */ = {
			isa = PBXFrameworksBuildPhase;
			buildActionMask = 2147483647;
			files = (
			);
			runOnlyForDeploymentPostprocessing = 0;
		};
/* End PBXFrameworksBuildPhase section */

/* Begin PBXGroup section */
		BEF8303A24C0057100F50974 = {
			isa = PBXGroup;
			children = (
				BEF8304524C0057100F50974 /* ScrabbleCheater */,
				BEF8304424C0057100F50974 /* Products */,
			);
			sourceTree = "<group>";
		};
		BEF8304424C0057100F50974 /* Products */ = {
			isa = PBXGroup;
			children = (
				BEF8304324C0057100F50974 /* ScrabbleCheater.app */,
			);
			name = Products;
			sourceTree = "<group>";
		};
		BEF8304524C0057100F50974 /* ScrabbleCheater */ = {
			isa = PBXGroup;
			children = (
				BEF8304624C0057100F50974 /* AppDelegate.swift */,
				BEF8304824C0057100F50974 /* SceneDelegate.swift */,
				BEF8306B24C13D9700F50974 /* dictionary.txt */,
				BEF8306624C0CB9E00F50974 /* Model */,
				BEF8306424C0CB3B00F50974 /* View */,
				BEF8306524C0CB4700F50974 /* Controller */,
				BEF8304F24C0057400F50974 /* Assets.xcassets */,
				BEF8305124C0057400F50974 /* LaunchScreen.storyboard */,
				BEF8305424C0057400F50974 /* Info.plist */,
			);
			path = ScrabbleCheater;
			sourceTree = "<group>";
		};
		BEF8306424C0CB3B00F50974 /* View */ = {
			isa = PBXGroup;
			children = (
				BEF8304C24C0057100F50974 /* Main.storyboard */,
				BEF8305C24C006E700F50974 /* TileCollectionViewCell.swift */,
			);
			path = View;
			sourceTree = "<group>";
		};
		BEF8306524C0CB4700F50974 /* Controller */ = {
			isa = PBXGroup;
			children = (
				BEF8305A24C005D600F50974 /* RackViewController.swift */,
				BEF8306224C0C9D100F50974 /* CheatListTableViewController.swift */,
			);
			path = Controller;
			sourceTree = "<group>";
		};
		BEF8306624C0CB9E00F50974 /* Model */ = {
			isa = PBXGroup;
			children = (
				BEF8305E24C00E9900F50974 /* Tile.swift */,
				BEF8306724C0CFF600F50974 /* Trie.swift */,
				BEF8306024C00F7100F50974 /* Scrabble.swift */,
			);
			path = Model;
			sourceTree = "<group>";
		};
/* End PBXGroup section */

/* Begin PBXNativeTarget section */
		BEF8304224C0057100F50974 /* ScrabbleCheater */ = {
			isa = PBXNativeTarget;
			buildConfigurationList = BEF8305724C0057400F50974 /* Build configuration list for PBXNativeTarget "ScrabbleCheater" */;
			buildPhases = (
				BEF8303F24C0057100F50974 /* Sources */,
				BEF8304024C0057100F50974 /* Frameworks */,
				BEF8304124C0057100F50974 /* Resources */,
			);
			buildRules = (
			);
			dependencies = (
			);
			name = ScrabbleCheater;
			productName = ScrabbleCheater;
			productReference = BEF8304324C0057100F50974 /* ScrabbleCheater.app */;
			productType = "com.apple.product-type.application";
		};
/* End PBXNativeTarget section */

/* Begin PBXProject section */
		BEF8303B24C0057100F50974 /* Project object */ = {
			isa = PBXProject;
			attributes = {
				LastSwiftUpdateCheck = 1130;
				LastUpgradeCheck = 1130;
				ORGANIZATIONNAME = "Kismet Development";
				TargetAttributes = {
					BEF8304224C0057100F50974 = {
						CreatedOnToolsVersion = 11.3.1;
					};
				};
			};
			buildConfigurationList = BEF8303E24C0057100F50974 /* Build configuration list for PBXProject "ScrabbleCheater" */;
			compatibilityVersion = "Xcode 9.3";
			developmentRegion = en;
			hasScannedForEncodings = 0;
			knownRegions = (
				en,
				Base,
			);
			mainGroup = BEF8303A24C0057100F50974;
			productRefGroup = BEF8304424C0057100F50974 /* Products */;
			projectDirPath = "";
			projectRoot = "";
			targets = (
				BEF8304224C0057100F50974 /* ScrabbleCheater */,
			);
		};
/* End PBXProject section */

/* Begin PBXResourcesBuildPhase section */
		BEF8304124C0057100F50974 /* Resources */ = {
			isa = PBXResourcesBuildPhase;
			buildActionMask = 2147483647;
			files = (
				BEF8305324C0057400F50974 /* LaunchScreen.storyboard in Resources */,
				BEF8305024C0057400F50974 /* Assets.xcassets in Resources */,
				BEF8306C24C13D9800F50974 /* dictionary.txt in Resources */,
				BEF8304E24C0057100F50974 /* Main.storyboard in Resources */,
			);
			runOnlyForDeploymentPostprocessing = 0;
		};
/* End PBXResourcesBuildPhase section */

/* Begin PBXSourcesBuildPhase section */
		BEF8303F24C0057100F50974 /* Sources */ = {
			isa = PBXSourcesBuildPhase;
			buildActionMask = 2147483647;
			files = (
				BEF8305D24C006E700F50974 /* TileCollectionViewCell.swift in Sources */,
				BEF8306824C0CFF600F50974 /* Trie.swift in Sources */,
				BEF8304724C0057100F50974 /* AppDelegate.swift in Sources */,
				BEF8305F24C00E9900F50974 /* Tile.swift in Sources */,
				BEF8304924C0057100F50974 /* SceneDelegate.swift in Sources */,
				BEF8305B24C005D600F50974 /* RackViewController.swift in Sources */,
				BEF8306324C0C9D100F50974 /* CheatListTableViewController.swift in Sources */,
				BEF8306124C00F7100F50974 /* Scrabble.swift in Sources */,
			);
			runOnlyForDeploymentPostprocessing = 0;
		};
/* End PBXSourcesBuildPhase section */

/* Begin PBXVariantGroup section */
		BEF8304C24C0057100F50974 /* Main.storyboard */ = {
			isa = PBXVariantGroup;
			children = (
				BEF8304D24C0057100F50974 /* Base */,
			);
			name = Main.storyboard;
			sourceTree = "<group>";
		};
		BEF8305124C0057400F50974 /* LaunchScreen.storyboard */ = {
			isa = PBXVariantGroup;
			children = (
				BEF8305224C0057400F50974 /* Base */,
			);
			name = LaunchScreen.storyboard;
			sourceTree = "<group>";
		};
/* End PBXVariantGroup section */

/* Begin XCBuildConfiguration section */
		BEF8305524C0057400F50974 /* Debug */ = {
			isa = XCBuildConfiguration;
			buildSettings = {
				ALWAYS_SEARCH_USER_PATHS = NO;
				CLANG_ANALYZER_NONNULL = YES;
				CLANG_ANALYZER_NUMBER_OBJECT_CONVERSION = YES_AGGRESSIVE;
				CLANG_CXX_LANGUAGE_STANDARD = "gnu++14";
				CLANG_CXX_LIBRARY = "libc++";
				CLANG_ENABLE_MODULES = YES;
				CLANG_ENABLE_OBJC_ARC = YES;
				CLANG_ENABLE_OBJC_WEAK = YES;
				CLANG_WARN_BLOCK_CAPTURE_AUTORELEASING = YES;
				CLANG_WARN_BOOL_CONVERSION = YES;
				CLANG_WARN_COMMA = YES;
				CLANG_WARN_CONSTANT_CONVERSION = YES;
				CLANG_WARN_DEPRECATED_OBJC_IMPLEMENTATIONS = YES;
				CLANG_WARN_DIRECT_OBJC_ISA_USAGE = YES_ERROR;
				CLANG_WARN_DOCUMENTATION_COMMENTS = YES;
				CLANG_WARN_EMPTY_BODY = YES;
				CLANG_WARN_ENUM_CONVERSION = YES;
				CLANG_WARN_INFINITE_RECURSION = YES;
				CLANG_WARN_INT_CONVERSION = YES;
				CLANG_WARN_NON_LITERAL_NULL_CONVERSION = YES;
				CLANG_WARN_OBJC_IMPLICIT_RETAIN_SELF = YES;
				CLANG_WARN_OBJC_LITERAL_CONVERSION = YES;
				CLANG_WARN_OBJC_ROOT_CLASS = YES_ERROR;
				CLANG_WARN_RANGE_LOOP_ANALYSIS = YES;
				CLANG_WARN_STRICT_PROTOTYPES = YES;
				CLANG_WARN_SUSPICIOUS_MOVE = YES;
				CLANG_WARN_UNGUARDED_AVAILABILITY = YES_AGGRESSIVE;
				CLANG_WARN_UNREACHABLE_CODE = YES;
				CLANG_WARN__DUPLICATE_METHOD_MATCH = YES;
				COPY_PHASE_STRIP = NO;
				DEBUG_INFORMATION_FORMAT = dwarf;
				ENABLE_STRICT_OBJC_MSGSEND = YES;
				ENABLE_TESTABILITY = YES;
				GCC_C_LANGUAGE_STANDARD = gnu11;
				GCC_DYNAMIC_NO_PIC = NO;
				GCC_NO_COMMON_BLOCKS = YES;
				GCC_OPTIMIZATION_LEVEL = 0;
				GCC_PREPROCESSOR_DEFINITIONS = (
					"DEBUG=1",
					"$(inherited)",
				);
				GCC_WARN_64_TO_32_BIT_CONVERSION = YES;
				GCC_WARN_ABOUT_RETURN_TYPE = YES_ERROR;
				GCC_WARN_UNDECLARED_SELECTOR = YES;
				GCC_WARN_UNINITIALIZED_AUTOS = YES_AGGRESSIVE;
				GCC_WARN_UNUSED_FUNCTION = YES;
				GCC_WARN_UNUSED_VARIABLE = YES;
				IPHONEOS_DEPLOYMENT_TARGET = 13.2;
				MTL_ENABLE_DEBUG_INFO = INCLUDE_SOURCE;
				MTL_FAST_MATH = YES;
				ONLY_ACTIVE_ARCH = YES;
				SDKROOT = iphoneos;
				SWIFT_ACTIVE_COMPILATION_CONDITIONS = DEBUG;
				SWIFT_OPTIMIZATION_LEVEL = "-Onone";
			};
			name = Debug;
		};
		BEF8305624C0057400F50974 /* Release */ = {
			isa = XCBuildConfiguration;
			buildSettings = {
				ALWAYS_SEARCH_USER_PATHS = NO;
				CLANG_ANALYZER_NONNULL = YES;
				CLANG_ANALYZER_NUMBER_OBJECT_CONVERSION = YES_AGGRESSIVE;
				CLANG_CXX_LANGUAGE_STANDARD = "gnu++14";
				CLANG_CXX_LIBRARY = "libc++";
				CLANG_ENABLE_MODULES = YES;
				CLANG_ENABLE_OBJC_ARC = YES;
				CLANG_ENABLE_OBJC_WEAK = YES;
				CLANG_WARN_BLOCK_CAPTURE_AUTORELEASING = YES;
				CLANG_WARN_BOOL_CONVERSION = YES;
				CLANG_WARN_COMMA = YES;
				CLANG_WARN_CONSTANT_CONVERSION = YES;
				CLANG_WARN_DEPRECATED_OBJC_IMPLEMENTATIONS = YES;
				CLANG_WARN_DIRECT_OBJC_ISA_USAGE = YES_ERROR;
				CLANG_WARN_DOCUMENTATION_COMMENTS = YES;
				CLANG_WARN_EMPTY_BODY = YES;
				CLANG_WARN_ENUM_CONVERSION = YES;
				CLANG_WARN_INFINITE_RECURSION = YES;
				CLANG_WARN_INT_CONVERSION = YES;
				CLANG_WARN_NON_LITERAL_NULL_CONVERSION = YES;
				CLANG_WARN_OBJC_IMPLICIT_RETAIN_SELF = YES;
				CLANG_WARN_OBJC_LITERAL_CONVERSION = YES;
				CLANG_WARN_OBJC_ROOT_CLASS = YES_ERROR;
				CLANG_WARN_RANGE_LOOP_ANALYSIS = YES;
				CLANG_WARN_STRICT_PROTOTYPES = YES;
				CLANG_WARN_SUSPICIOUS_MOVE = YES;
				CLANG_WARN_UNGUARDED_AVAILABILITY = YES_AGGRESSIVE;
				CLANG_WARN_UNREACHABLE_CODE = YES;
				CLANG_WARN__DUPLICATE_METHOD_MATCH = YES;
				COPY_PHASE_STRIP = NO;
				DEBUG_INFORMATION_FORMAT = "dwarf-with-dsym";
				ENABLE_NS_ASSERTIONS = NO;
				ENABLE_STRICT_OBJC_MSGSEND = YES;
				GCC_C_LANGUAGE_STANDARD = gnu11;
				GCC_NO_COMMON_BLOCKS = YES;
				GCC_WARN_64_TO_32_BIT_CONVERSION = YES;
				GCC_WARN_ABOUT_RETURN_TYPE = YES_ERROR;
				GCC_WARN_UNDECLARED_SELECTOR = YES;
				GCC_WARN_UNINITIALIZED_AUTOS = YES_AGGRESSIVE;
				GCC_WARN_UNUSED_FUNCTION = YES;
				GCC_WARN_UNUSED_VARIABLE = YES;
				IPHONEOS_DEPLOYMENT_TARGET = 13.2;
				MTL_ENABLE_DEBUG_INFO = NO;
				MTL_FAST_MATH = YES;
				SDKROOT = iphoneos;
				SWIFT_COMPILATION_MODE = wholemodule;
				SWIFT_OPTIMIZATION_LEVEL = "-O";
				VALIDATE_PRODUCT = YES;
			};
			name = Release;
		};
		BEF8305824C0057400F50974 /* Debug */ = {
			isa = XCBuildConfiguration;
			buildSettings = {
				ASSETCATALOG_COMPILER_APPICON_NAME = AppIcon;
				CODE_SIGN_STYLE = Automatic;
				DEVELOPMENT_TEAM = B5D85LZH9D;
				INFOPLIST_FILE = ScrabbleCheater/Info.plist;
				LD_RUNPATH_SEARCH_PATHS = (
					"$(inherited)",
					"@executable_path/Frameworks",
				);
				PRODUCT_BUNDLE_IDENTIFIER = com.kismetdevelopment.ScrabbleCheater;
				PRODUCT_NAME = "$(TARGET_NAME)";
				SWIFT_VERSION = 5.0;
				TARGETED_DEVICE_FAMILY = 1;
			};
			name = Debug;
		};
		BEF8305924C0057400F50974 /* Release */ = {
			isa = XCBuildConfiguration;
			buildSettings = {
				ASSETCATALOG_COMPILER_APPICON_NAME = AppIcon;
				CODE_SIGN_STYLE = Automatic;
				DEVELOPMENT_TEAM = B5D85LZH9D;
				INFOPLIST_FILE = ScrabbleCheater/Info.plist;
				LD_RUNPATH_SEARCH_PATHS = (
					"$(inherited)",
					"@executable_path/Frameworks",
				);
				PRODUCT_BUNDLE_IDENTIFIER = com.kismetdevelopment.ScrabbleCheater;
				PRODUCT_NAME = "$(TARGET_NAME)";
				SWIFT_VERSION = 5.0;
				TARGETED_DEVICE_FAMILY = 1;
			};
			name = Release;
		};
/* End XCBuildConfiguration section */

/* Begin XCConfigurationList section */
		BEF8303E24C0057100F50974 /* Build configuration list for PBXProject "ScrabbleCheater" */ = {
			isa = XCConfigurationList;
			buildConfigurations = (
				BEF8305524C0057400F50974 /* Debug */,
				BEF8305624C0057400F50974 /* Release */,
			);
			defaultConfigurationIsVisible = 0;
			defaultConfigurationName = Release;
		};
		BEF8305724C0057400F50974 /* Build configuration list for PBXNativeTarget "ScrabbleCheater" */ = {
			isa = XCConfigurationList;
			buildConfigurations = (
				BEF8305824C0057400F50974 /* Debug */,
				BEF8305924C0057400F50974 /* Release */,
			);
			defaultConfigurationIsVisible = 0;
			defaultConfigurationName = Release;
		};
/* End XCConfigurationList section */
	};
	rootObject = BEF8303B24C0057100F50974 /* Project object */;
}
